// !$*UTF8*$!
{
	archiveVersion = 1;
	classes = {
	};
	objectVersion = 48;
	objects = {

/* Begin PBXBuildFile section */
		40DA6BEA206991FE0078F51F /* AppDelegate.swift in Sources */ = {isa = PBXBuildFile; fileRef = 40DA6BE9206991FE0078F51F /* AppDelegate.swift */; };
		40DA6BEC206991FE0078F51F /* ViewController.swift in Sources */ = {isa = PBXBuildFile; fileRef = 40DA6BEB206991FE0078F51F /* ViewController.swift */; };
		40DA6BEF206991FE0078F51F /* Main.storyboard in Resources */ = {isa = PBXBuildFile; fileRef = 40DA6BED206991FE0078F51F /* Main.storyboard */; };
		40DA6BF2206991FE0078F51F /* IosArchitectureDemo1.xcdatamodeld in Sources */ = {isa = PBXBuildFile; fileRef = 40DA6BF0206991FE0078F51F /* IosArchitectureDemo1.xcdatamodeld */; };
		40DA6BF4206991FE0078F51F /* Assets.xcassets in Resources */ = {isa = PBXBuildFile; fileRef = 40DA6BF3206991FE0078F51F /* Assets.xcassets */; };
		40DA6BF7206991FE0078F51F /* LaunchScreen.storyboard in Resources */ = {isa = PBXBuildFile; fileRef = 40DA6BF5206991FE0078F51F /* LaunchScreen.storyboard */; };
		40DA6BFF2069923B0078F51F /* Protocols.swift in Sources */ = {isa = PBXBuildFile; fileRef = 40DA6BFE2069923B0078F51F /* Protocols.swift */; };
/* End PBXBuildFile section */

/* Begin PBXFileReference section */
		40DA6BE6206991FE0078F51F /* IosArchitectureDemo1.app */ = {isa = PBXFileReference; explicitFileType = wrapper.application; includeInIndex = 0; path = IosArchitectureDemo1.app; sourceTree = BUILT_PRODUCTS_DIR; };
		40DA6BE9206991FE0078F51F /* AppDelegate.swift */ = {isa = PBXFileReference; lastKnownFileType = sourcecode.swift; path = AppDelegate.swift; sourceTree = "<group>"; };
		40DA6BEB206991FE0078F51F /* ViewController.swift */ = {isa = PBXFileReference; lastKnownFileType = sourcecode.swift; path = ViewController.swift; sourceTree = "<group>"; };
		40DA6BEE206991FE0078F51F /* Base */ = {isa = PBXFileReference; lastKnownFileType = file.storyboard; name = Base; path = Base.lproj/Main.storyboard; sourceTree = "<group>"; };
		40DA6BF1206991FE0078F51F /* IosArchitectureDemo1.xcdatamodel */ = {isa = PBXFileReference; lastKnownFileType = wrapper.xcdatamodel; path = IosArchitectureDemo1.xcdatamodel; sourceTree = "<group>"; };
		40DA6BF3206991FE0078F51F /* Assets.xcassets */ = {isa = PBXFileReference; lastKnownFileType = folder.assetcatalog; path = Assets.xcassets; sourceTree = "<group>"; };
		40DA6BF6206991FE0078F51F /* Base */ = {isa = PBXFileReference; lastKnownFileType = file.storyboard; name = Base; path = Base.lproj/LaunchScreen.storyboard; sourceTree = "<group>"; };
		40DA6BF8206991FE0078F51F /* Info.plist */ = {isa = PBXFileReference; lastKnownFileType = text.plist.xml; path = Info.plist; sourceTree = "<group>"; };
		40DA6BFE2069923B0078F51F /* Protocols.swift */ = {isa = PBXFileReference; lastKnownFileType = sourcecode.swift; path = Protocols.swift; sourceTree = "<group>"; };
/* End PBXFileReference section */

/* Begin PBXFrameworksBuildPhase section */
		40DA6BE3206991FE0078F51F /* Frameworks */ = {
			isa = PBXFrameworksBuildPhase;
			buildActionMask = 2147483647;
			files = (
			);
			runOnlyForDeploymentPostprocessing = 0;
		};
/* End PBXFrameworksBuildPhase section */

/* Begin PBXGroup section */
		40DA6BDD206991FE0078F51F = {
			isa = PBXGroup;
			children = (
				40DA6BE8206991FE0078F51F /* IosArchitectureDemo1 */,
				40DA6BE7206991FE0078F51F /* Products */,
			);
			sourceTree = "<group>";
		};
		40DA6BE7206991FE0078F51F /* Products */ = {
			isa = PBXGroup;
			children = (
				40DA6BE6206991FE0078F51F /* IosArchitectureDemo1.app */,
			);
			name = Products;
			sourceTree = "<group>";
		};
		40DA6BE8206991FE0078F51F /* IosArchitectureDemo1 */ = {
			isa = PBXGroup;
			children = (
				40DA6BE9206991FE0078F51F /* AppDelegate.swift */,
				40DA6BEB206991FE0078F51F /* ViewController.swift */,
				40DA6BFE2069923B0078F51F /* Protocols.swift */,
				40DA6BED206991FE0078F51F /* Main.storyboard */,
				40DA6BF3206991FE0078F51F /* Assets.xcassets */,
				40DA6BF5206991FE0078F51F /* LaunchScreen.storyboard */,
				40DA6BF8206991FE0078F51F /* Info.plist */,
				40DA6BF0206991FE0078F51F /* IosArchitectureDemo1.xcdatamodeld */,
			);
			path = IosArchitectureDemo1;
			sourceTree = "<group>";
		};
/* End PBXGroup section */

/* Begin PBXNativeTarget section */
		40DA6BE5206991FE0078F51F /* IosArchitectureDemo1 */ = {
			isa = PBXNativeTarget;
			buildConfigurationList = 40DA6BFB206991FE0078F51F /* Build configuration list for PBXNativeTarget "IosArchitectureDemo1" */;
			buildPhases = (
				40DA6BE2206991FE0078F51F /* Sources */,
				40DA6BE3206991FE0078F51F /* Frameworks */,
				40DA6BE4206991FE0078F51F /* Resources */,
			);
			buildRules = (
			);
			dependencies = (
			);
			name = IosArchitectureDemo1;
			productName = IosArchitectureDemo1;
			productReference = 40DA6BE6206991FE0078F51F /* IosArchitectureDemo1.app */;
			productType = "com.apple.product-type.application";
		};
/* End PBXNativeTarget section */

/* Begin PBXProject section */
		40DA6BDE206991FE0078F51F /* Project object */ = {
			isa = PBXProject;
			attributes = {
				LastSwiftUpdateCheck = 0920;
				LastUpgradeCheck = 0920;
				ORGANIZATIONNAME = Dexcom;
				TargetAttributes = {
					40DA6BE5206991FE0078F51F = {
						CreatedOnToolsVersion = 9.2;
						ProvisioningStyle = Automatic;
					};
				};
			};
			buildConfigurationList = 40DA6BE1206991FE0078F51F /* Build configuration list for PBXProject "IosArchitectureDemo1" */;
			compatibilityVersion = "Xcode 8.0";
			developmentRegion = en;
			hasScannedForEncodings = 0;
			knownRegions = (
				en,
				Base,
			);
			mainGroup = 40DA6BDD206991FE0078F51F;
			productRefGroup = 40DA6BE7206991FE0078F51F /* Products */;
			projectDirPath = "";
			projectRoot = "";
			targets = (
				40DA6BE5206991FE0078F51F /* IosArchitectureDemo1 */,
			);
		};
/* End PBXProject section */

/* Begin PBXResourcesBuildPhase section */
		40DA6BE4206991FE0078F51F /* Resources */ = {
			isa = PBXResourcesBuildPhase;
			buildActionMask = 2147483647;
			files = (
				40DA6BF7206991FE0078F51F /* LaunchScreen.storyboard in Resources */,
				40DA6BF4206991FE0078F51F /* Assets.xcassets in Resources */,
				40DA6BEF206991FE0078F51F /* Main.storyboard in Resources */,
			);
			runOnlyForDeploymentPostprocessing = 0;
		};
/* End PBXResourcesBuildPhase section */

/* Begin PBXSourcesBuildPhase section */
		40DA6BE2206991FE0078F51F /* Sources */ = {
			isa = PBXSourcesBuildPhase;
			buildActionMask = 2147483647;
			files = (
				40DA6BEC206991FE0078F51F /* ViewController.swift in Sources */,
				40DA6BEA206991FE0078F51F /* AppDelegate.swift in Sources */,
				40DA6BF2206991FE0078F51F /* IosArchitectureDemo1.xcdatamodeld in Sources */,
				40DA6BFF2069923B0078F51F /* Protocols.swift in Sources */,
			);
			runOnlyForDeploymentPostprocessing = 0;
		};
/* End PBXSourcesBuildPhase section */

/* Begin PBXVariantGroup section */
		40DA6BED206991FE0078F51F /* Main.storyboard */ = {
			isa = PBXVariantGroup;
			children = (
				40DA6BEE206991FE0078F51F /* Base */,
			);
			name = Main.storyboard;
			sourceTree = "<group>";
		};
		40DA6BF5206991FE0078F51F /* LaunchScreen.storyboard */ = {
			isa = PBXVariantGroup;
			children = (
				40DA6BF6206991FE0078F51F /* Base */,
			);
			name = LaunchScreen.storyboard;
			sourceTree = "<group>";
		};
/* End PBXVariantGroup section */

/* Begin XCBuildConfiguration section */
		40DA6BF9206991FE0078F51F /* Debug */ = {
			isa = XCBuildConfiguration;
			buildSettings = {
				ALWAYS_SEARCH_USER_PATHS = NO;
				CLANG_ANALYZER_NONNULL = YES;
				CLANG_ANALYZER_NUMBER_OBJECT_CONVERSION = YES_AGGRESSIVE;
				CLANG_CXX_LANGUAGE_STANDARD = "gnu++14";
				CLANG_CXX_LIBRARY = "libc++";
				CLANG_ENABLE_MODULES = YES;
				CLANG_ENABLE_OBJC_ARC = YES;
				CLANG_WARN_BLOCK_CAPTURE_AUTORELEASING = YES;
				CLANG_WARN_BOOL_CONVERSION = YES;
				CLANG_WARN_COMMA = YES;
				CLANG_WARN_CONSTANT_CONVERSION = YES;
				CLANG_WARN_DIRECT_OBJC_ISA_USAGE = YES_ERROR;
				CLANG_WARN_DOCUMENTATION_COMMENTS = YES;
				CLANG_WARN_EMPTY_BODY = YES;
				CLANG_WARN_ENUM_CONVERSION = YES;
				CLANG_WARN_INFINITE_RECURSION = YES;
				CLANG_WARN_INT_CONVERSION = YES;
				CLANG_WARN_NON_LITERAL_NULL_CONVERSION = YES;
				CLANG_WARN_OBJC_LITERAL_CONVERSION = YES;
				CLANG_WARN_OBJC_ROOT_CLASS = YES_ERROR;
				CLANG_WARN_RANGE_LOOP_ANALYSIS = YES;
				CLANG_WARN_STRICT_PROTOTYPES = YES;
				CLANG_WARN_SUSPICIOUS_MOVE = YES;
				CLANG_WARN_UNGUARDED_AVAILABILITY = YES_AGGRESSIVE;
				CLANG_WARN_UNREACHABLE_CODE = YES;
				CLANG_WARN__DUPLICATE_METHOD_MATCH = YES;
				CODE_SIGN_IDENTITY = "iPhone Developer";
				COPY_PHASE_STRIP = NO;
				DEBUG_INFORMATION_FORMAT = dwarf;
				ENABLE_STRICT_OBJC_MSGSEND = YES;
				ENABLE_TESTABILITY = YES;
				GCC_C_LANGUAGE_STANDARD = gnu11;
				GCC_DYNAMIC_NO_PIC = NO;
				GCC_NO_COMMON_BLOCKS = YES;
				GCC_OPTIMIZATION_LEVEL = 0;
				GCC_PREPROCESSOR_DEFINITIONS = (
					"DEBUG=1",
					"$(inherited)",
				);
				GCC_WARN_64_TO_32_BIT_CONVERSION = YES;
				GCC_WARN_ABOUT_RETURN_TYPE = YES_ERROR;
				GCC_WARN_UNDECLARED_SELECTOR = YES;
				GCC_WARN_UNINITIALIZED_AUTOS = YES_AGGRESSIVE;
				GCC_WARN_UNUSED_FUNCTION = YES;
				GCC_WARN_UNUSED_VARIABLE = YES;
				IPHONEOS_DEPLOYMENT_TARGET = 11.2;
				MTL_ENABLE_DEBUG_INFO = YES;
				ONLY_ACTIVE_ARCH = YES;
				SDKROOT = iphoneos;
				SWIFT_ACTIVE_COMPILATION_CONDITIONS = DEBUG;
				SWIFT_OPTIMIZATION_LEVEL = "-Onone";
			};
			name = Debug;
		};
		40DA6BFA206991FE0078F51F /* Release */ = {
			isa = XCBuildConfiguration;
			buildSettings = {
				ALWAYS_SEARCH_USER_PATHS = NO;
				CLANG_ANALYZER_NONNULL = YES;
				CLANG_ANALYZER_NUMBER_OBJECT_CONVERSION = YES_AGGRESSIVE;
				CLANG_CXX_LANGUAGE_STANDARD = "gnu++14";
				CLANG_CXX_LIBRARY = "libc++";
				CLANG_ENABLE_MODULES = YES;
				CLANG_ENABLE_OBJC_ARC = YES;
				CLANG_WARN_BLOCK_CAPTURE_AUTORELEASING = YES;
				CLANG_WARN_BOOL_CONVERSION = YES;
				CLANG_WARN_COMMA = YES;
				CLANG_WARN_CONSTANT_CONVERSION = YES;
				CLANG_WARN_DIRECT_OBJC_ISA_USAGE = YES_ERROR;
				CLANG_WARN_DOCUMENTATION_COMMENTS = YES;
				CLANG_WARN_EMPTY_BODY = YES;
				CLANG_WARN_ENUM_CONVERSION = YES;
				CLANG_WARN_INFINITE_RECURSION = YES;
				CLANG_WARN_INT_CONVERSION = YES;
				CLANG_WARN_NON_LITERAL_NULL_CONVERSION = YES;
				CLANG_WARN_OBJC_LITERAL_CONVERSION = YES;
				CLANG_WARN_OBJC_ROOT_CLASS = YES_ERROR;
				CLANG_WARN_RANGE_LOOP_ANALYSIS = YES;
				CLANG_WARN_STRICT_PROTOTYPES = YES;
				CLANG_WARN_SUSPICIOUS_MOVE = YES;
				CLANG_WARN_UNGUARDED_AVAILABILITY = YES_AGGRESSIVE;
				CLANG_WARN_UNREACHABLE_CODE = YES;
				CLANG_WARN__DUPLICATE_METHOD_MATCH = YES;
				CODE_SIGN_IDENTITY = "iPhone Developer";
				COPY_PHASE_STRIP = NO;
				DEBUG_INFORMATION_FORMAT = "dwarf-with-dsym";
				ENABLE_NS_ASSERTIONS = NO;
				ENABLE_STRICT_OBJC_MSGSEND = YES;
				GCC_C_LANGUAGE_STANDARD = gnu11;
				GCC_NO_COMMON_BLOCKS = YES;
				GCC_WARN_64_TO_32_BIT_CONVERSION = YES;
				GCC_WARN_ABOUT_RETURN_TYPE = YES_ERROR;
				GCC_WARN_UNDECLARED_SELECTOR = YES;
				GCC_WARN_UNINITIALIZED_AUTOS = YES_AGGRESSIVE;
				GCC_WARN_UNUSED_FUNCTION = YES;
				GCC_WARN_UNUSED_VARIABLE = YES;
				IPHONEOS_DEPLOYMENT_TARGET = 11.2;
				MTL_ENABLE_DEBUG_INFO = NO;
				SDKROOT = iphoneos;
				SWIFT_OPTIMIZATION_LEVEL = "-Owholemodule";
				VALIDATE_PRODUCT = YES;
			};
			name = Release;
		};
		40DA6BFC206991FE0078F51F /* Debug */ = {
			isa = XCBuildConfiguration;
			buildSettings = {
				ASSETCATALOG_COMPILER_APPICON_NAME = AppIcon;
				CODE_SIGN_STYLE = Automatic;
				DEVELOPMENT_TEAM = Z5BA64W9WV;
				INFOPLIST_FILE = IosArchitectureDemo1/Info.plist;
				LD_RUNPATH_SEARCH_PATHS = "$(inherited) @executable_path/Frameworks";
				PRODUCT_BUNDLE_IDENTIFIER = com.dexcom.IosArchitectureDemo1;
				PRODUCT_NAME = "$(TARGET_NAME)";
				SWIFT_VERSION = 4.0;
				TARGETED_DEVICE_FAMILY = "1,2";
			};
			name = Debug;
		};
		40DA6BFD206991FE0078F51F /* Release */ = {
			isa = XCBuildConfiguration;
			buildSettings = {
				ASSETCATALOG_COMPILER_APPICON_NAME = AppIcon;
				CODE_SIGN_STYLE = Automatic;
				DEVELOPMENT_TEAM = Z5BA64W9WV;
				INFOPLIST_FILE = IosArchitectureDemo1/Info.plist;
				LD_RUNPATH_SEARCH_PATHS = "$(inherited) @executable_path/Frameworks";
				PRODUCT_BUNDLE_IDENTIFIER = com.dexcom.IosArchitectureDemo1;
				PRODUCT_NAME = "$(TARGET_NAME)";
				SWIFT_VERSION = 4.0;
				TARGETED_DEVICE_FAMILY = "1,2";
			};
			name = Release;
		};
/* End XCBuildConfiguration section */

/* Begin XCConfigurationList section */
		40DA6BE1206991FE0078F51F /* Build configuration list for PBXProject "IosArchitectureDemo1" */ = {
			isa = XCConfigurationList;
			buildConfigurations = (
				40DA6BF9206991FE0078F51F /* Debug */,
				40DA6BFA206991FE0078F51F /* Release */,
			);
			defaultConfigurationIsVisible = 0;
			defaultConfigurationName = Release;
		};
		40DA6BFB206991FE0078F51F /* Build configuration list for PBXNativeTarget "IosArchitectureDemo1" */ = {
			isa = XCConfigurationList;
			buildConfigurations = (
				40DA6BFC206991FE0078F51F /* Debug */,
				40DA6BFD206991FE0078F51F /* Release */,
			);
			defaultConfigurationIsVisible = 0;
			defaultConfigurationName = Release;
		};
/* End XCConfigurationList section */

/* Begin XCVersionGroup section */
		40DA6BF0206991FE0078F51F /* IosArchitectureDemo1.xcdatamodeld */ = {
			isa = XCVersionGroup;
			children = (
				40DA6BF1206991FE0078F51F /* IosArchitectureDemo1.xcdatamodel */,
			);
			currentVersion = 40DA6BF1206991FE0078F51F /* IosArchitectureDemo1.xcdatamodel */;
			path = IosArchitectureDemo1.xcdatamodeld;
			sourceTree = "<group>";
			versionGroupType = wrapper.xcdatamodel;
		};
/* End XCVersionGroup section */
	};
	rootObject = 40DA6BDE206991FE0078F51F /* Project object */;
}
